<?xml version="1.0" encoding="utf-8"?>
<Project ToolsVersion="4.0" xmlns="http://schemas.microsoft.com/developer/msbuild/2003">
  <ItemGroup>
    <Filter Include="源文件">
      <UniqueIdentifier>{4FC737F1-C7A5-4376-A066-2A32D752A2FF}</UniqueIdentifier>
      <Extensions>cpp;c;cc;cxx;def;odl;idl;hpj;bat;asm;asmx</Extensions>
    </Filter>
    <Filter Include="头文件">
      <UniqueIdentifier>{93995380-89BD-4b04-88EB-625FBE52EBFB}</UniqueIdentifier>
      <Extensions>h;hh;hpp;hxx;hm;inl;inc;ipp;xsd</Extensions>
    </Filter>
    <Filter Include="资源文件">
      <UniqueIdentifier>{67DA6AB6-F800-4c08-8B7A-83BB121AAD01}</UniqueIdentifier>
      <Extensions>rc;ico;cur;bmp;dlg;rc2;rct;bin;rgs;gif;jpg;jpeg;jpe;resx;tiff;tif;png;wav;mfcribbon-ms</Extensions>
    </Filter>
    <Filter Include="Framework">
      <UniqueIdentifier>{185808e5-39ce-47e7-8595-a7858765bf3d}</UniqueIdentifier>
    </Filter>
    <Filter Include="Platform">
      <UniqueIdentifier>{72d43e40-189f-45ae-b8ce-42a16248df15}</UniqueIdentifier>
    </Filter>
    <Filter Include="Platform\Empty">
      <UniqueIdentifier>{48c4ea79-132f-42c4-a929-ef5708a54d2e}</UniqueIdentifier>
    </Filter>
    <Filter Include="Platform\Windows">
      <UniqueIdentifier>{1bfc3786-0c17-49cc-b4bd-5817a6238e59}</UniqueIdentifier>
    </Filter>
    <Filter Include="Platform\Linux">
      <UniqueIdentifier>{443563cd-4c70-4ff0-bd00-a7eb1df3ab80}</UniqueIdentifier>
    </Filter>
    <Filter Include="Framework\Common">
      <UniqueIdentifier>{eafd254c-9107-497a-a047-468942a23a84}</UniqueIdentifier>
    </Filter>
    <Filter Include="Framework\Interface">
      <UniqueIdentifier>{6c1be7db-b26c-4330-9c6b-11674ef20df1}</UniqueIdentifier>
    </Filter>
    <Filter Include="Asset">
      <UniqueIdentifier>{a796120d-22a6-41f8-b7e2-589afc776763}</UniqueIdentifier>
    </Filter>
    <Filter Include="External">
      <UniqueIdentifier>{47a31ae8-8494-47cc-8fcc-6bb49bf9ebba}</UniqueIdentifier>
    </Filter>
    <Filter Include="RHI">
      <UniqueIdentifier>{29e6838c-8d2c-4fae-9278-ae408a16a7e5}</UniqueIdentifier>
    </Filter>
  </ItemGroup>
  <ItemGroup>
    <ClInclude Include="stdafx.h">
      <Filter>头文件</Filter>
    </ClInclude>
    <ClInclude Include="targetver.h">
      <Filter>头文件</Filter>
    </ClInclude>
    <ClInclude Include="Platform\Windows\WindowsApplication.h">
      <Filter>Platform\Windows</Filter>
    </ClInclude>
    <ClInclude Include="Platform\Linux\XcbApplication.h">
      <Filter>Platform\Linux</Filter>
    </ClInclude>
    <ClInclude Include="Platform\Empty\EmptyApplication.h">
      <Filter>Platform\Empty</Filter>
    </ClInclude>
    <ClInclude Include="Framework\Common\Allocator.h">
      <Filter>Framework\Common</Filter>
    </ClInclude>
    <ClInclude Include="Framework\Common\BaseApplication.h">
      <Filter>Framework\Common</Filter>
    </ClInclude>
    <ClInclude Include="Framework\Common\GfxConfiguration.h">
      <Filter>Framework\Common</Filter>
    </ClInclude>
    <ClInclude Include="Framework\Common\GraphicsManager.h">
      <Filter>Framework\Common</Filter>
    </ClInclude>
    <ClInclude Include="Framework\Common\MemoryManager.h">
      <Filter>Framework\Common</Filter>
    </ClInclude>
    <ClInclude Include="Framework\Interface\IApplication .h">
      <Filter>Framework\Interface</Filter>
    </ClInclude>
    <ClInclude Include="Framework\Interface\Interface.h">
      <Filter>Framework\Interface</Filter>
    </ClInclude>
    <ClInclude Include="Framework\Interface\IRuntimeModule.h">
      <Filter>Framework\Interface</Filter>
    </ClInclude>
    <ClInclude Include="Framework\Interface\IMemoryManager.h">
      <Filter>Framework\Interface</Filter>
    </ClInclude>
    <ClInclude Include="Framework\Common\portable.h">
      <Filter>Framework\Common</Filter>
    </ClInclude>
    <ClInclude Include="Framework\GeoMath\geommath.h">
      <Filter>头文件</Filter>
    </ClInclude>
    <ClInclude Include="Framework\GeoMath\ispc\Absolute.h">
      <Filter>头文件</Filter>
    </ClInclude>
    <ClInclude Include="Framework\GeoMath\ispc\AddByElement.h">
      <Filter>头文件</Filter>
    </ClInclude>
    <ClInclude Include="Framework\GeoMath\ispc\CrossProduct.h">
      <Filter>头文件</Filter>
    </ClInclude>
    <ClInclude Include="Framework\GeoMath\ispc\DCT.h">
      <Filter>头文件</Filter>
    </ClInclude>
    <ClInclude Include="Framework\GeoMath\ispc\DivByElement.h">
      <Filter>头文件</Filter>
    </ClInclude>
    <ClInclude Include="Framework\GeoMath\ispc\InverseMatrix4X4f.h">
      <Filter>头文件</Filter>
    </ClInclude>
    <ClInclude Include="Framework\GeoMath\ispc\MatrixUtil.h">
      <Filter>头文件</Filter>
    </ClInclude>
    <ClInclude Include="Framework\GeoMath\ispc\MulByElement.h">
      <Filter>头文件</Filter>
    </ClInclude>
    <ClInclude Include="Framework\GeoMath\ispc\Normalize.h">
      <Filter>头文件</Filter>
    </ClInclude>
    <ClInclude Include="Framework\GeoMath\ispc\Pow.h">
      <Filter>头文件</Filter>
    </ClInclude>
    <ClInclude Include="Framework\GeoMath\ispc\SubByElement.h">
      <Filter>头文件</Filter>
    </ClInclude>
    <ClInclude Include="Framework\GeoMath\ispc\Transform.h">
      <Filter>头文件</Filter>
    </ClInclude>
    <ClInclude Include="Framework\GeoMath\ispc\Transpose.h">
      <Filter>头文件</Filter>
    </ClInclude>
    <ClInclude Include="Framework\Common\AssetLoader.h">
      <Filter>头文件</Filter>
    </ClInclude>
    <ClInclude Include="Framework\Common\Buffer.h">
      <Filter>头文件</Filter>
    </ClInclude>
    <ClInclude Include="Framework\Common\FileUtils\Image.h">
      <Filter>头文件</Filter>
    </ClInclude>
    <ClInclude Include="Framework\Common\FileUtils\ImageParser.h">
      <Filter>头文件</Filter>
    </ClInclude>
    <ClInclude Include="Framework\Common\SceneBase\BaseObject.h">
      <Filter>头文件</Filter>
    </ClInclude>
    <ClInclude Include="Framework\Common\SceneBase\GameObject.h">
      <Filter>头文件</Filter>
    </ClInclude>
    <ClInclude Include="Framework\Common\SceneBase\Scene.h">
      <Filter>头文件</Filter>
    </ClInclude>
    <ClInclude Include="Framework\Common\SceneBase\SceneNode.h">
      <Filter>头文件</Filter>
    </ClInclude>
    <ClInclude Include="Framework\Common\Config.h">
      <Filter>头文件</Filter>
    </ClInclude>
    <ClInclude Include="Framework\Common\Renderer\BaseRenderer.h">
      <Filter>头文件</Filter>
    </ClInclude>
  </ItemGroup>
  <ItemGroup>
    <ClCompile Include="stdafx.cpp">
      <Filter>源文件</Filter>
    </ClCompile>
    <ClCompile Include="Platform\Windows\helloengine_d2d.c">
      <Filter>Platform\Windows</Filter>
    </ClCompile>
    <ClCompile Include="Platform\Windows\helloengine_win.c">
      <Filter>Platform\Windows</Filter>
    </ClCompile>
    <ClCompile Include="Platform\Windows\WindowsApplication.cpp">
      <Filter>Platform\Windows</Filter>
    </ClCompile>
    <ClCompile Include="Platform\Linux\helloengine_xcb.c">
      <Filter>Platform\Linux</Filter>
    </ClCompile>
    <ClCompile Include="Platform\Linux\XcbApplication.cpp">
      <Filter>Platform\Linux</Filter>
    </ClCompile>
    <ClCompile Include="Platform\Empty\EmptyApplication.cpp">
      <Filter>Platform\Empty</Filter>
    </ClCompile>
    <ClCompile Include="Framework\Common\Allocator.cpp">
      <Filter>Framework\Common</Filter>
    </ClCompile>
    <ClCompile Include="Framework\Common\BaseApplication.cpp">
      <Filter>Framework\Common</Filter>
    </ClCompile>
    <ClCompile Include="Framework\Common\GraphicsManager.cpp">
      <Filter>Framework\Common</Filter>
    </ClCompile>
    <ClCompile Include="Framework\Common\main.cpp">
      <Filter>Framework\Common</Filter>
    </ClCompile>
    <ClCompile Include="Framework\Common\MemoryManager.cpp">
      <Filter>Framework\Common</Filter>
    </ClCompile>
    <ClCompile Include="Framework\Common\FileUtils\BmpParser.h">
      <Filter>源文件</Filter>
    </ClCompile>
    <ClCompile Include="Framework\Common\SceneBase\BaseObject.cpp">
      <Filter>源文件</Filter>
    </ClCompile>
    <ClCompile Include="Framework\Common\SceneBase\GameObject.cpp">
      <Filter>源文件</Filter>
    </ClCompile>
    <ClCompile Include="Framework\Common\SceneBase\Scene.cpp">
      <Filter>源文件</Filter>
    </ClCompile>
  </ItemGroup>
  <ItemGroup>
    <None Include="Platform\Windows\he.exe">
      <Filter>Platform\Windows</Filter>
    </None>
    <None Include="External\ispc.exe" />
    <None Include="Framework\GeoMath\ispc\.gitignore" />
  </ItemGroup>
  <ItemGroup>
    <Object Include="Framework\GeoMath\ispc\Transpose.obj" />
    <Object Include="Framework\GeoMath\ispc\AddByElement.obj" />
    <Object Include="Framework\GeoMath\ispc\CrossProduct.obj" />
    <Object Include="Framework\GeoMath\ispc\DCT.obj" />
    <Object Include="Framework\GeoMath\ispc\DivByElement.obj" />
    <Object Include="Framework\GeoMath\ispc\InverseMatrix4X4f.obj" />
    <Object Include="Framework\GeoMath\ispc\MatrixUtil.obj" />
    <Object Include="Framework\GeoMath\ispc\MulByElement.obj" />
    <Object Include="Framework\GeoMath\ispc\Normalize.obj" />
    <Object Include="Framework\GeoMath\ispc\Pow.obj" />
    <Object Include="Framework\GeoMath\ispc\SubByElement.obj" />
    <Object Include="Framework\GeoMath\ispc\Transform.obj" />
  </ItemGroup>
  <ItemGroup>
    <CustomBuild Include="Framework\GeoMath\ispc\AddByElement.ispc" />
    <CustomBuild Include="Framework\GeoMath\ispc\CrossProduct.ispc" />
    <CustomBuild Include="Framework\GeoMath\ispc\DCT.ispc" />
    <CustomBuild Include="Framework\GeoMath\ispc\DivByElement.ispc" />
    <CustomBuild Include="Framework\GeoMath\ispc\InverseMatrix4X4f.ispc" />
    <CustomBuild Include="Framework\GeoMath\ispc\MatrixUtil.ispc" />
    <CustomBuild Include="Framework\GeoMath\ispc\MulByElement.ispc" />
    <CustomBuild Include="Framework\GeoMath\ispc\Normalize.ispc" />
    <CustomBuild Include="Framework\GeoMath\ispc\Pow.ispc" />
    <CustomBuild Include="Framework\GeoMath\ispc\SubByElement.ispc" />
    <CustomBuild Include="Framework\GeoMath\ispc\Transform.ispc" />
    <CustomBuild Include="Framework\GeoMath\ispc\Transpose.ispc" />
    <CustomBuild Include="Framework\GeoMath\ispc\Absolute.ispc" />
    <CustomBuild Include="Framework\GeoMath\ispc\DotProduct.ispc" />
  </ItemGroup>
</Project>