<?xml version="1.0" encoding="utf-8"?>
<Project ToolsVersion="4.0" xmlns="http://schemas.microsoft.com/developer/msbuild/2003">
  <ItemGroup>
    <Filter Include="Framework">
      <UniqueIdentifier>{185808e5-39ce-47e7-8595-a7858765bf3d}</UniqueIdentifier>
    </Filter>
    <Filter Include="Platform">
      <UniqueIdentifier>{72d43e40-189f-45ae-b8ce-42a16248df15}</UniqueIdentifier>
    </Filter>
    <Filter Include="Platform\Windows">
      <UniqueIdentifier>{1bfc3786-0c17-49cc-b4bd-5817a6238e59}</UniqueIdentifier>
    </Filter>
    <Filter Include="Framework\Common">
      <UniqueIdentifier>{eafd254c-9107-497a-a047-468942a23a84}</UniqueIdentifier>
    </Filter>
    <Filter Include="Framework\Interface">
      <UniqueIdentifier>{6c1be7db-b26c-4330-9c6b-11674ef20df1}</UniqueIdentifier>
    </Filter>
    <Filter Include="Asset">
      <UniqueIdentifier>{a796120d-22a6-41f8-b7e2-589afc776763}</UniqueIdentifier>
    </Filter>
    <Filter Include="External">
      <UniqueIdentifier>{47a31ae8-8494-47cc-8fcc-6bb49bf9ebba}</UniqueIdentifier>
    </Filter>
    <Filter Include="Framework\GeoMath">
      <UniqueIdentifier>{370d8fe1-8f8a-4165-a78d-c2773d74d65e}</UniqueIdentifier>
    </Filter>
    <Filter Include="Framework\GeoMath\math">
      <UniqueIdentifier>{dfd147a0-bae4-4192-bc78-7382da4360fa}</UniqueIdentifier>
    </Filter>
  </ItemGroup>
  <ItemGroup>
    <ClInclude Include="Framework\Interface\IApplication .h">
      <Filter>Framework\Interface</Filter>
    </ClInclude>
    <ClInclude Include="Framework\Interface\Interface.h">
      <Filter>Framework\Interface</Filter>
    </ClInclude>
    <ClInclude Include="Framework\Interface\IRuntimeModule.h">
      <Filter>Framework\Interface</Filter>
    </ClInclude>
    <ClInclude Include="Framework\Interface\IMemoryManager.h">
      <Filter>Framework\Interface</Filter>
    </ClInclude>
    <ClInclude Include="Framework\GeoMath\CCMath.h">
      <Filter>Framework\GeoMath</Filter>
    </ClInclude>
    <ClInclude Include="Framework\Common\GfxConfiguration.h">
      <Filter>Framework\Common</Filter>
    </ClInclude>
    <ClInclude Include="Framework\Common\BaseApplication.h">
      <Filter>Framework\Common</Filter>
    </ClInclude>
    <ClInclude Include="MaEngineDef.h" />
    <ClInclude Include="Framework\GeoMath\math\CCMathBase.h">
      <Filter>Framework\GeoMath\math</Filter>
    </ClInclude>
    <ClInclude Include="Framework\GeoMath\math\Mat4.h">
      <Filter>Framework\GeoMath\math</Filter>
    </ClInclude>
    <ClInclude Include="Framework\GeoMath\math\Quaternion.h">
      <Filter>Framework\GeoMath\math</Filter>
    </ClInclude>
    <ClInclude Include="Framework\GeoMath\math\Vec2.h">
      <Filter>Framework\GeoMath\math</Filter>
    </ClInclude>
    <ClInclude Include="Framework\GeoMath\math\Vec3.h">
      <Filter>Framework\GeoMath\math</Filter>
    </ClInclude>
    <ClInclude Include="Framework\GeoMath\math\Vec4.h">
      <Filter>Framework\GeoMath\math</Filter>
    </ClInclude>
    <ClInclude Include="Framework\Platform\Windows\WindowsApplication.h">
      <Filter>Platform\Windows</Filter>
    </ClInclude>
  </ItemGroup>
  <ItemGroup>
    <ClCompile Include="Framework\GeoMath\math\Mat4.cpp">
      <Filter>Framework\GeoMath\math</Filter>
    </ClCompile>
    <ClCompile Include="Framework\GeoMath\math\Quaternion.cpp">
      <Filter>Framework\GeoMath\math</Filter>
    </ClCompile>
    <ClCompile Include="Framework\GeoMath\math\Vec2.cpp">
      <Filter>Framework\GeoMath\math</Filter>
    </ClCompile>
    <ClCompile Include="Framework\GeoMath\math\Vec3.cpp">
      <Filter>Framework\GeoMath\math</Filter>
    </ClCompile>
    <ClCompile Include="Framework\GeoMath\math\Vec4.cpp">
      <Filter>Framework\GeoMath\math</Filter>
    </ClCompile>
    <ClCompile Include="Framework\Common\BaseApplication.cpp">
      <Filter>Framework\Common</Filter>
    </ClCompile>
    <ClCompile Include="Framework\Platform\Windows\WindowsApplication.cpp">
      <Filter>Platform\Windows</Filter>
    </ClCompile>
  </ItemGroup>
  <ItemGroup>
    <None Include="Framework\GeoMath\math\Mat4.inl">
      <Filter>Framework\GeoMath\math</Filter>
    </None>
    <None Include="Framework\GeoMath\math\Quaternion.inl">
      <Filter>Framework\GeoMath\math</Filter>
    </None>
    <None Include="Framework\GeoMath\math\Vec2.inl">
      <Filter>Framework\GeoMath\math</Filter>
    </None>
    <None Include="Framework\GeoMath\math\Vec3.inl">
      <Filter>Framework\GeoMath\math</Filter>
    </None>
    <None Include="Framework\GeoMath\math\Vec4.inl">
      <Filter>Framework\GeoMath\math</Filter>
    </None>
  </ItemGroup>
</Project>