<?xml version="1.0" encoding="utf-8"?>
<Project ToolsVersion="4.0" xmlns="http://schemas.microsoft.com/developer/msbuild/2003">
  <ItemGroup>
    <Filter Include="源文件">
      <UniqueIdentifier>{4FC737F1-C7A5-4376-A066-2A32D752A2FF}</UniqueIdentifier>
      <Extensions>cpp;c;cc;cxx;def;odl;idl;hpj;bat;asm;asmx</Extensions>
    </Filter>
    <Filter Include="头文件">
      <UniqueIdentifier>{93995380-89BD-4b04-88EB-625FBE52EBFB}</UniqueIdentifier>
      <Extensions>h;hh;hpp;hxx;hm;inl;inc;ipp;xsd</Extensions>
    </Filter>
    <Filter Include="资源文件">
      <UniqueIdentifier>{67DA6AB6-F800-4c08-8B7A-83BB121AAD01}</UniqueIdentifier>
      <Extensions>rc;ico;cur;bmp;dlg;rc2;rct;bin;rgs;gif;jpg;jpeg;jpe;resx;tiff;tif;png;wav;mfcribbon-ms</Extensions>
    </Filter>
    <Filter Include="Framework">
      <UniqueIdentifier>{185808e5-39ce-47e7-8595-a7858765bf3d}</UniqueIdentifier>
    </Filter>
    <Filter Include="Platform">
      <UniqueIdentifier>{72d43e40-189f-45ae-b8ce-42a16248df15}</UniqueIdentifier>
    </Filter>
    <Filter Include="Platform\Empty">
      <UniqueIdentifier>{48c4ea79-132f-42c4-a929-ef5708a54d2e}</UniqueIdentifier>
    </Filter>
    <Filter Include="Platform\Windows">
      <UniqueIdentifier>{1bfc3786-0c17-49cc-b4bd-5817a6238e59}</UniqueIdentifier>
    </Filter>
    <Filter Include="Platform\Linux">
      <UniqueIdentifier>{443563cd-4c70-4ff0-bd00-a7eb1df3ab80}</UniqueIdentifier>
    </Filter>
    <Filter Include="Framework\Common">
      <UniqueIdentifier>{eafd254c-9107-497a-a047-468942a23a84}</UniqueIdentifier>
    </Filter>
    <Filter Include="Framework\Interface">
      <UniqueIdentifier>{6c1be7db-b26c-4330-9c6b-11674ef20df1}</UniqueIdentifier>
    </Filter>
  </ItemGroup>
  <ItemGroup>
    <ClInclude Include="stdafx.h">
      <Filter>头文件</Filter>
    </ClInclude>
    <ClInclude Include="targetver.h">
      <Filter>头文件</Filter>
    </ClInclude>
    <ClInclude Include="Platform\Windows\WindowsApplication.h">
      <Filter>Platform\Windows</Filter>
    </ClInclude>
    <ClInclude Include="Platform\Linux\XcbApplication.h">
      <Filter>Platform\Linux</Filter>
    </ClInclude>
    <ClInclude Include="Platform\Empty\EmptyApplication.h">
      <Filter>Platform\Empty</Filter>
    </ClInclude>
    <ClInclude Include="Framework\Common\Allocator.h">
      <Filter>Framework\Common</Filter>
    </ClInclude>
    <ClInclude Include="Framework\Common\BaseApplication.h">
      <Filter>Framework\Common</Filter>
    </ClInclude>
    <ClInclude Include="Framework\Common\GfxConfiguration.h">
      <Filter>Framework\Common</Filter>
    </ClInclude>
    <ClInclude Include="Framework\Common\GraphicsManager.h">
      <Filter>Framework\Common</Filter>
    </ClInclude>
    <ClInclude Include="Framework\Common\MemoryManager.h">
      <Filter>Framework\Common</Filter>
    </ClInclude>
    <ClInclude Include="Framework\Interface\IApplication .h">
      <Filter>Framework\Interface</Filter>
    </ClInclude>
    <ClInclude Include="Framework\Interface\Interface.h">
      <Filter>Framework\Interface</Filter>
    </ClInclude>
    <ClInclude Include="Framework\Interface\IRuntimeModule.h">
      <Filter>Framework\Interface</Filter>
    </ClInclude>
    <ClInclude Include="Framework\Interface\IMemoryManager.h">
      <Filter>Framework\Interface</Filter>
    </ClInclude>
    <ClInclude Include="Framework\Common\portable.h">
      <Filter>Framework\Common</Filter>
    </ClInclude>
  </ItemGroup>
  <ItemGroup>
    <ClCompile Include="stdafx.cpp">
      <Filter>源文件</Filter>
    </ClCompile>
    <ClCompile Include="Platform\Windows\helloengine_d2d.c">
      <Filter>Platform\Windows</Filter>
    </ClCompile>
    <ClCompile Include="Platform\Windows\helloengine_win.c">
      <Filter>Platform\Windows</Filter>
    </ClCompile>
    <ClCompile Include="Platform\Windows\WindowsApplication.cpp">
      <Filter>Platform\Windows</Filter>
    </ClCompile>
    <ClCompile Include="Platform\Linux\helloengine_xcb.c">
      <Filter>Platform\Linux</Filter>
    </ClCompile>
    <ClCompile Include="Platform\Linux\XcbApplication.cpp">
      <Filter>Platform\Linux</Filter>
    </ClCompile>
    <ClCompile Include="Platform\Empty\EmptyApplication.cpp">
      <Filter>Platform\Empty</Filter>
    </ClCompile>
    <ClCompile Include="Framework\Common\Allocator.cpp">
      <Filter>Framework\Common</Filter>
    </ClCompile>
    <ClCompile Include="Framework\Common\BaseApplication.cpp">
      <Filter>Framework\Common</Filter>
    </ClCompile>
    <ClCompile Include="Framework\Common\GraphicsManager.cpp">
      <Filter>Framework\Common</Filter>
    </ClCompile>
    <ClCompile Include="Framework\Common\main.cpp">
      <Filter>Framework\Common</Filter>
    </ClCompile>
    <ClCompile Include="Framework\Common\MemoryManager.cpp">
      <Filter>Framework\Common</Filter>
    </ClCompile>
  </ItemGroup>
  <ItemGroup>
    <None Include="Platform\Windows\he.exe">
      <Filter>Platform\Windows</Filter>
    </None>
  </ItemGroup>
</Project>